PODS:
  - ZZQRManager (1.3)

DEPENDENCIES:
  - ZZQRManager (from `./ZZQRManager/ZZQRManager.podspec`)

EXTERNAL SOURCES:
  ZZQRManager:
    :path: "./ZZQRManager/ZZQRManager.podspec"

SPEC CHECKSUMS:
  ZZQRManager: 0dea364db3e42f288d9658833893256f29acefe2

PODFILE CHECKSUM: 509de6ee2392d973a1670692d6449524ee44079e

COCOAPODS: 1.8.4
