// !$*UTF8*$!
{
	archiveVersion = 1;
	classes = {
	};
	objectVersion = 50;
	objects = {

/* Begin PBXBuildFile section */
		DA0630BC24D2C59300BA594C /* DemoShearTransformVC.swift in Sources */ = {isa = PBXBuildFile; fileRef = DA0630BB24D2C59300BA594C /* DemoShearTransformVC.swift */; };
		DA0630BE24D2DA1900BA594C /* DemoTheoryVC.swift in Sources */ = {isa = PBXBuildFile; fileRef = DA0630BD24D2DA1900BA594C /* DemoTheoryVC.swift */; };
		DA12C2E8249C8E18004E0EE7 /* DemoDrawRectVC.swift in Sources */ = {isa = PBXBuildFile; fileRef = DA12C2E7249C8E18004E0EE7 /* DemoDrawRectVC.swift */; };
		DA19D86B249794AF006769F4 /* DemoContentsRectVC.swift in Sources */ = {isa = PBXBuildFile; fileRef = DA19D86A249794AF006769F4 /* DemoContentsRectVC.swift */; };
		DA19D86D249797F8006769F4 /* ExtensionUtils.swift in Sources */ = {isa = PBXBuildFile; fileRef = DA19D86C249797F8006769F4 /* ExtensionUtils.swift */; };
		DA19D86F2497A0E3006769F4 /* DemoContentsCenterVC.swift in Sources */ = {isa = PBXBuildFile; fileRef = DA19D86E2497A0E3006769F4 /* DemoContentsCenterVC.swift */; };
		DA19D8712497A161006769F4 /* 2.9.png in Resources */ = {isa = PBXBuildFile; fileRef = DA19D8702497A161006769F4 /* 2.9.png */; };
		DA19D8732497A4E3006769F4 /* 2.10.png in Resources */ = {isa = PBXBuildFile; fileRef = DA19D8722497A4E3006769F4 /* 2.10.png */; };
		DA613025248723DB0090508C /* AppDelegate.swift in Sources */ = {isa = PBXBuildFile; fileRef = DA613024248723DB0090508C /* AppDelegate.swift */; };
		DA613027248723DB0090508C /* SceneDelegate.swift in Sources */ = {isa = PBXBuildFile; fileRef = DA613026248723DB0090508C /* SceneDelegate.swift */; };
		DA613029248723DB0090508C /* ViewController.swift in Sources */ = {isa = PBXBuildFile; fileRef = DA613028248723DB0090508C /* ViewController.swift */; };
		DA61302E248723DD0090508C /* Assets.xcassets in Resources */ = {isa = PBXBuildFile; fileRef = DA61302D248723DD0090508C /* Assets.xcassets */; };
		DA613031248723DD0090508C /* LaunchScreen.storyboard in Resources */ = {isa = PBXBuildFile; fileRef = DA61302F248723DD0090508C /* LaunchScreen.storyboard */; };
		DA61303D248725CD0090508C /* DLCell.swift in Sources */ = {isa = PBXBuildFile; fileRef = DA61303B248725CD0090508C /* DLCell.swift */; };
		DA61303E248725CD0090508C /* DLCell.xib in Resources */ = {isa = PBXBuildFile; fileRef = DA61303C248725CD0090508C /* DLCell.xib */; };
		DA613040248729DE0090508C /* DemoLayerVC.swift in Sources */ = {isa = PBXBuildFile; fileRef = DA61303F248729DE0090508C /* DemoLayerVC.swift */; };
		DA613042248729F50090508C /* DemoContentsVC.swift in Sources */ = {isa = PBXBuildFile; fileRef = DA613041248729F50090508C /* DemoContentsVC.swift */; };
		DA61304424872A320090508C /* DemoCustomDrawingVC.swift in Sources */ = {isa = PBXBuildFile; fileRef = DA61304324872A320090508C /* DemoCustomDrawingVC.swift */; };
		DA61304624872A6A0090508C /* DemoAnchorVC.swift in Sources */ = {isa = PBXBuildFile; fileRef = DA61304524872A6A0090508C /* DemoAnchorVC.swift */; };
		DA61304824872ABA0090508C /* DemoCoordinateVC.swift in Sources */ = {isa = PBXBuildFile; fileRef = DA61304724872ABA0090508C /* DemoCoordinateVC.swift */; };
		DA61304A24872AE40090508C /* DemoHitTestingVC.swift in Sources */ = {isa = PBXBuildFile; fileRef = DA61304924872AE40090508C /* DemoHitTestingVC.swift */; };
		DA61304C24872B4B0090508C /* DemoCornerRadiusVC.swift in Sources */ = {isa = PBXBuildFile; fileRef = DA61304B24872B4B0090508C /* DemoCornerRadiusVC.swift */; };
		DA61305024872BD20090508C /* DemoShadowVC.swift in Sources */ = {isa = PBXBuildFile; fileRef = DA61304F24872BD20090508C /* DemoShadowVC.swift */; };
		DA61305224872C4A0090508C /* DemoMaskVC.swift in Sources */ = {isa = PBXBuildFile; fileRef = DA61305124872C4A0090508C /* DemoMaskVC.swift */; };
		DA61305424872CD90090508C /* DemoFilterVC.swift in Sources */ = {isa = PBXBuildFile; fileRef = DA61305324872CD90090508C /* DemoFilterVC.swift */; };
		DA61305624872D650090508C /* DemoAffineTransformVC.swift in Sources */ = {isa = PBXBuildFile; fileRef = DA61305524872D650090508C /* DemoAffineTransformVC.swift */; };
		DA61305824872D900090508C /* DemoTransform3DVC.swift in Sources */ = {isa = PBXBuildFile; fileRef = DA61305724872D900090508C /* DemoTransform3DVC.swift */; };
		DA61305A24872DC10090508C /* DemoSolidVC.swift in Sources */ = {isa = PBXBuildFile; fileRef = DA61305924872DC10090508C /* DemoSolidVC.swift */; };
		DA6619F624C6EAF60082765A /* DemoRasterizationVC.swift in Sources */ = {isa = PBXBuildFile; fileRef = DA6619F524C6EAF60082765A /* DemoRasterizationVC.swift */; };
		DA6ACA7F24A6F6A000A1B073 /* DemoZPositionVC.swift in Sources */ = {isa = PBXBuildFile; fileRef = DA6ACA7E24A6F6A000A1B073 /* DemoZPositionVC.swift */; };
		DA6C654124ABB1660017BA4B /* DemoHitTestingAndZPositionVC.swift in Sources */ = {isa = PBXBuildFile; fileRef = DA6C654024ABB1660017BA4B /* DemoHitTestingAndZPositionVC.swift */; };
		DA72E4D624D17CC200575B69 /* DemoSimpleRotationVC.swift in Sources */ = {isa = PBXBuildFile; fileRef = DA72E4D524D17CC200575B69 /* DemoSimpleRotationVC.swift */; };
		DA72E4EC24D1C2E900575B69 /* DemoMixTransformVC.swift in Sources */ = {isa = PBXBuildFile; fileRef = DA72E4EB24D1C2E900575B69 /* DemoMixTransformVC.swift */; };
		DA85875524BC866900FEAC7B /* 4.12.png in Resources */ = {isa = PBXBuildFile; fileRef = DA85875424BC866800FEAC7B /* 4.12.png */; };
		DA85875724BD591100FEAC7B /* DemoNavigationController.swift in Sources */ = {isa = PBXBuildFile; fileRef = DA85875624BD591000FEAC7B /* DemoNavigationController.swift */; };
		DA85875924BD800700FEAC7B /* Digits.png in Resources */ = {isa = PBXBuildFile; fileRef = DA85875824BD800700FEAC7B /* Digits.png */; };
		DAF9929924B6C5560010569A /* DemoLayoutSublayersOfLayerVC.swift in Sources */ = {isa = PBXBuildFile; fileRef = DAF9929824B6C5560010569A /* DemoLayoutSublayersOfLayerVC.swift */; };
/* End PBXBuildFile section */

/* Begin PBXFileReference section */
		DA0630BB24D2C59300BA594C /* DemoShearTransformVC.swift */ = {isa = PBXFileReference; lastKnownFileType = sourcecode.swift; path = DemoShearTransformVC.swift; sourceTree = "<group>"; };
		DA0630BD24D2DA1900BA594C /* DemoTheoryVC.swift */ = {isa = PBXFileReference; lastKnownFileType = sourcecode.swift; path = DemoTheoryVC.swift; sourceTree = "<group>"; };
		DA12C2E7249C8E18004E0EE7 /* DemoDrawRectVC.swift */ = {isa = PBXFileReference; lastKnownFileType = sourcecode.swift; path = DemoDrawRectVC.swift; sourceTree = "<group>"; };
		DA19D86A249794AF006769F4 /* DemoContentsRectVC.swift */ = {isa = PBXFileReference; lastKnownFileType = sourcecode.swift; path = DemoContentsRectVC.swift; sourceTree = "<group>"; };
		DA19D86C249797F8006769F4 /* ExtensionUtils.swift */ = {isa = PBXFileReference; lastKnownFileType = sourcecode.swift; path = ExtensionUtils.swift; sourceTree = "<group>"; };
		DA19D86E2497A0E3006769F4 /* DemoContentsCenterVC.swift */ = {isa = PBXFileReference; lastKnownFileType = sourcecode.swift; path = DemoContentsCenterVC.swift; sourceTree = "<group>"; };
		DA19D8702497A161006769F4 /* 2.9.png */ = {isa = PBXFileReference; lastKnownFileType = image.png; path = 2.9.png; sourceTree = "<group>"; };
		DA19D8722497A4E3006769F4 /* 2.10.png */ = {isa = PBXFileReference; lastKnownFileType = image.png; path = 2.10.png; sourceTree = "<group>"; };
		DA613021248723DB0090508C /* demo.app */ = {isa = PBXFileReference; explicitFileType = wrapper.application; includeInIndex = 0; path = demo.app; sourceTree = BUILT_PRODUCTS_DIR; };
		DA613024248723DB0090508C /* AppDelegate.swift */ = {isa = PBXFileReference; lastKnownFileType = sourcecode.swift; path = AppDelegate.swift; sourceTree = "<group>"; };
		DA613026248723DB0090508C /* SceneDelegate.swift */ = {isa = PBXFileReference; lastKnownFileType = sourcecode.swift; path = SceneDelegate.swift; sourceTree = "<group>"; };
		DA613028248723DB0090508C /* ViewController.swift */ = {isa = PBXFileReference; lastKnownFileType = sourcecode.swift; path = ViewController.swift; sourceTree = "<group>"; };
		DA61302D248723DD0090508C /* Assets.xcassets */ = {isa = PBXFileReference; lastKnownFileType = folder.assetcatalog; path = Assets.xcassets; sourceTree = "<group>"; };
		DA613030248723DD0090508C /* Base */ = {isa = PBXFileReference; lastKnownFileType = file.storyboard; name = Base; path = Base.lproj/LaunchScreen.storyboard; sourceTree = "<group>"; };
		DA613032248723DD0090508C /* Info.plist */ = {isa = PBXFileReference; lastKnownFileType = text.plist.xml; path = Info.plist; sourceTree = "<group>"; };
		DA61303B248725CD0090508C /* DLCell.swift */ = {isa = PBXFileReference; lastKnownFileType = sourcecode.swift; path = DLCell.swift; sourceTree = "<group>"; };
		DA61303C248725CD0090508C /* DLCell.xib */ = {isa = PBXFileReference; lastKnownFileType = file.xib; path = DLCell.xib; sourceTree = "<group>"; };
		DA61303F248729DE0090508C /* DemoLayerVC.swift */ = {isa = PBXFileReference; lastKnownFileType = sourcecode.swift; name = DemoLayerVC.swift; path = ../DemoLayerVC.swift; sourceTree = "<group>"; };
		DA613041248729F50090508C /* DemoContentsVC.swift */ = {isa = PBXFileReference; lastKnownFileType = sourcecode.swift; name = DemoContentsVC.swift; path = ../DemoContentsVC.swift; sourceTree = "<group>"; };
		DA61304324872A320090508C /* DemoCustomDrawingVC.swift */ = {isa = PBXFileReference; lastKnownFileType = sourcecode.swift; path = DemoCustomDrawingVC.swift; sourceTree = "<group>"; };
		DA61304524872A6A0090508C /* DemoAnchorVC.swift */ = {isa = PBXFileReference; lastKnownFileType = sourcecode.swift; path = DemoAnchorVC.swift; sourceTree = "<group>"; };
		DA61304724872ABA0090508C /* DemoCoordinateVC.swift */ = {isa = PBXFileReference; lastKnownFileType = sourcecode.swift; path = DemoCoordinateVC.swift; sourceTree = "<group>"; };
		DA61304924872AE40090508C /* DemoHitTestingVC.swift */ = {isa = PBXFileReference; lastKnownFileType = sourcecode.swift; path = DemoHitTestingVC.swift; sourceTree = "<group>"; };
		DA61304B24872B4B0090508C /* DemoCornerRadiusVC.swift */ = {isa = PBXFileReference; lastKnownFileType = sourcecode.swift; path = DemoCornerRadiusVC.swift; sourceTree = "<group>"; };
		DA61304F24872BD20090508C /* DemoShadowVC.swift */ = {isa = PBXFileReference; lastKnownFileType = sourcecode.swift; path = DemoShadowVC.swift; sourceTree = "<group>"; };
		DA61305124872C4A0090508C /* DemoMaskVC.swift */ = {isa = PBXFileReference; lastKnownFileType = sourcecode.swift; path = DemoMaskVC.swift; sourceTree = "<group>"; };
		DA61305324872CD90090508C /* DemoFilterVC.swift */ = {isa = PBXFileReference; lastKnownFileType = sourcecode.swift; path = DemoFilterVC.swift; sourceTree = "<group>"; };
		DA61305524872D650090508C /* DemoAffineTransformVC.swift */ = {isa = PBXFileReference; lastKnownFileType = sourcecode.swift; path = DemoAffineTransformVC.swift; sourceTree = "<group>"; };
		DA61305724872D900090508C /* DemoTransform3DVC.swift */ = {isa = PBXFileReference; lastKnownFileType = sourcecode.swift; path = DemoTransform3DVC.swift; sourceTree = "<group>"; };
		DA61305924872DC10090508C /* DemoSolidVC.swift */ = {isa = PBXFileReference; lastKnownFileType = sourcecode.swift; path = DemoSolidVC.swift; sourceTree = "<group>"; };
		DA6619F524C6EAF60082765A /* DemoRasterizationVC.swift */ = {isa = PBXFileReference; lastKnownFileType = sourcecode.swift; path = DemoRasterizationVC.swift; sourceTree = "<group>"; };
		DA6ACA7E24A6F6A000A1B073 /* DemoZPositionVC.swift */ = {isa = PBXFileReference; lastKnownFileType = sourcecode.swift; path = DemoZPositionVC.swift; sourceTree = "<group>"; };
		DA6C654024ABB1660017BA4B /* DemoHitTestingAndZPositionVC.swift */ = {isa = PBXFileReference; lastKnownFileType = sourcecode.swift; path = DemoHitTestingAndZPositionVC.swift; sourceTree = "<group>"; };
		DA72E4D524D17CC200575B69 /* DemoSimpleRotationVC.swift */ = {isa = PBXFileReference; lastKnownFileType = sourcecode.swift; path = DemoSimpleRotationVC.swift; sourceTree = "<group>"; };
		DA72E4EB24D1C2E900575B69 /* DemoMixTransformVC.swift */ = {isa = PBXFileReference; lastKnownFileType = sourcecode.swift; path = DemoMixTransformVC.swift; sourceTree = "<group>"; };
		DA85875424BC866800FEAC7B /* 4.12.png */ = {isa = PBXFileReference; lastKnownFileType = image.png; path = 4.12.png; sourceTree = "<group>"; };
		DA85875624BD591000FEAC7B /* DemoNavigationController.swift */ = {isa = PBXFileReference; lastKnownFileType = sourcecode.swift; path = DemoNavigationController.swift; sourceTree = "<group>"; };
		DA85875824BD800700FEAC7B /* Digits.png */ = {isa = PBXFileReference; lastKnownFileType = image.png; path = Digits.png; sourceTree = "<group>"; };
		DAF9929824B6C5560010569A /* DemoLayoutSublayersOfLayerVC.swift */ = {isa = PBXFileReference; lastKnownFileType = sourcecode.swift; path = DemoLayoutSublayersOfLayerVC.swift; sourceTree = "<group>"; };
/* End PBXFileReference section */

/* Begin PBXFrameworksBuildPhase section */
		DA61301E248723DB0090508C /* Frameworks */ = {
			isa = PBXFrameworksBuildPhase;
			buildActionMask = 2147483647;
			files = (
			);
			runOnlyForDeploymentPostprocessing = 0;
		};
/* End PBXFrameworksBuildPhase section */

/* Begin PBXGroup section */
		DA12C2E9249C9558004E0EE7 /* 锚点 */ = {
			isa = PBXGroup;
			children = (
				DA61304524872A6A0090508C /* DemoAnchorVC.swift */,
			);
			path = "锚点";
			sourceTree = "<group>";
		};
		DA19D80824977AD3006769F4 /* 图层与视图 */ = {
			isa = PBXGroup;
			children = (
				DA61303F248729DE0090508C /* DemoLayerVC.swift */,
			);
			path = "图层与视图";
			sourceTree = "<group>";
		};
		DA19D80924977ADC006769F4 /* 寄宿图 */ = {
			isa = PBXGroup;
			children = (
				DA613041248729F50090508C /* DemoContentsVC.swift */,
				DA19D86A249794AF006769F4 /* DemoContentsRectVC.swift */,
				DA19D86E2497A0E3006769F4 /* DemoContentsCenterVC.swift */,
				DA12C2E7249C8E18004E0EE7 /* DemoDrawRectVC.swift */,
				DA61304324872A320090508C /* DemoCustomDrawingVC.swift */,
				DA19D8702497A161006769F4 /* 2.9.png */,
				DA19D8722497A4E3006769F4 /* 2.10.png */,
				DA85875424BC866800FEAC7B /* 4.12.png */,
				DA85875824BD800700FEAC7B /* Digits.png */,
			);
			path = "寄宿图";
			sourceTree = "<group>";
		};
		DA613018248723DB0090508C = {
			isa = PBXGroup;
			children = (
				DA613023248723DB0090508C /* demo */,
				DA613022248723DB0090508C /* Products */,
			);
			sourceTree = "<group>";
		};
		DA613022248723DB0090508C /* Products */ = {
			isa = PBXGroup;
			children = (
				DA613021248723DB0090508C /* demo.app */,
			);
			name = Products;
			sourceTree = "<group>";
		};
		DA613023248723DB0090508C /* demo */ = {
			isa = PBXGroup;
			children = (
				DA613024248723DB0090508C /* AppDelegate.swift */,
				DA613026248723DB0090508C /* SceneDelegate.swift */,
				DA613028248723DB0090508C /* ViewController.swift */,
				DA85875624BD591000FEAC7B /* DemoNavigationController.swift */,
				DA61303B248725CD0090508C /* DLCell.swift */,
				DA61303C248725CD0090508C /* DLCell.xib */,
				DA19D80824977AD3006769F4 /* 图层与视图 */,
				DA19D80924977ADC006769F4 /* 寄宿图 */,
				DA12C2E9249C9558004E0EE7 /* 锚点 */,
				DA61304724872ABA0090508C /* DemoCoordinateVC.swift */,
				DA61304924872AE40090508C /* DemoHitTestingVC.swift */,
				DA61304B24872B4B0090508C /* DemoCornerRadiusVC.swift */,
				DA61304F24872BD20090508C /* DemoShadowVC.swift */,
				DA61305124872C4A0090508C /* DemoMaskVC.swift */,
				DA61305324872CD90090508C /* DemoFilterVC.swift */,
				DA72E4D224D17A3600575B69 /* 仿射变换 */,
				DA61305724872D900090508C /* DemoTransform3DVC.swift */,
				DA61305924872DC10090508C /* DemoSolidVC.swift */,
				DA6ACA7E24A6F6A000A1B073 /* DemoZPositionVC.swift */,
				DA6C654024ABB1660017BA4B /* DemoHitTestingAndZPositionVC.swift */,
				DAF9929824B6C5560010569A /* DemoLayoutSublayersOfLayerVC.swift */,
				DA19D86C249797F8006769F4 /* ExtensionUtils.swift */,
				DA6619F524C6EAF60082765A /* DemoRasterizationVC.swift */,
				DA61302D248723DD0090508C /* Assets.xcassets */,
				DA61302F248723DD0090508C /* LaunchScreen.storyboard */,
				DA613032248723DD0090508C /* Info.plist */,
			);
			path = demo;
			sourceTree = "<group>";
		};
		DA72E4D224D17A3600575B69 /* 仿射变换 */ = {
			isa = PBXGroup;
			children = (
				DA61305524872D650090508C /* DemoAffineTransformVC.swift */,
				DA72E4D524D17CC200575B69 /* DemoSimpleRotationVC.swift */,
				DA72E4EB24D1C2E900575B69 /* DemoMixTransformVC.swift */,
				DA0630BB24D2C59300BA594C /* DemoShearTransformVC.swift */,
				DA0630BD24D2DA1900BA594C /* DemoTheoryVC.swift */,
			);
			path = "仿射变换";
			sourceTree = "<group>";
		};
/* End PBXGroup section */

/* Begin PBXNativeTarget section */
		DA613020248723DB0090508C /* demo */ = {
			isa = PBXNativeTarget;
			buildConfigurationList = DA613035248723DD0090508C /* Build configuration list for PBXNativeTarget "demo" */;
			buildPhases = (
				DA61301D248723DB0090508C /* Sources */,
				DA61301E248723DB0090508C /* Frameworks */,
				DA61301F248723DB0090508C /* Resources */,
			);
			buildRules = (
			);
			dependencies = (
			);
			name = demo;
			productName = demo;
			productReference = DA613021248723DB0090508C /* demo.app */;
			productType = "com.apple.product-type.application";
		};
/* End PBXNativeTarget section */

/* Begin PBXProject section */
		DA613019248723DB0090508C /* Project object */ = {
			isa = PBXProject;
			attributes = {
				LastSwiftUpdateCheck = 1150;
				LastUpgradeCheck = 1150;
				ORGANIZATIONNAME = "刘威振";
				TargetAttributes = {
					DA613020248723DB0090508C = {
						CreatedOnToolsVersion = 11.5;
						LastSwiftMigration = 1160;
					};
				};
			};
			buildConfigurationList = DA61301C248723DB0090508C /* Build configuration list for PBXProject "demo" */;
			compatibilityVersion = "Xcode 9.3";
			developmentRegion = en;
			hasScannedForEncodings = 0;
			knownRegions = (
				en,
				Base,
			);
			mainGroup = DA613018248723DB0090508C;
			productRefGroup = DA613022248723DB0090508C /* Products */;
			projectDirPath = "";
			projectRoot = "";
			targets = (
				DA613020248723DB0090508C /* demo */,
			);
		};
/* End PBXProject section */

/* Begin PBXResourcesBuildPhase section */
		DA61301F248723DB0090508C /* Resources */ = {
			isa = PBXResourcesBuildPhase;
			buildActionMask = 2147483647;
			files = (
				DA85875524BC866900FEAC7B /* 4.12.png in Resources */,
				DA613031248723DD0090508C /* LaunchScreen.storyboard in Resources */,
				DA61302E248723DD0090508C /* Assets.xcassets in Resources */,
				DA85875924BD800700FEAC7B /* Digits.png in Resources */,
				DA19D8732497A4E3006769F4 /* 2.10.png in Resources */,
				DA61303E248725CD0090508C /* DLCell.xib in Resources */,
				DA19D8712497A161006769F4 /* 2.9.png in Resources */,
			);
			runOnlyForDeploymentPostprocessing = 0;
		};
/* End PBXResourcesBuildPhase section */

/* Begin PBXSourcesBuildPhase section */
		DA61301D248723DB0090508C /* Sources */ = {
			isa = PBXSourcesBuildPhase;
			buildActionMask = 2147483647;
			files = (
				DA61305A24872DC10090508C /* DemoSolidVC.swift in Sources */,
				DA6619F624C6EAF60082765A /* DemoRasterizationVC.swift in Sources */,
				DA12C2E8249C8E18004E0EE7 /* DemoDrawRectVC.swift in Sources */,
				DA613042248729F50090508C /* DemoContentsVC.swift in Sources */,
				DA0630BE24D2DA1900BA594C /* DemoTheoryVC.swift in Sources */,
				DA61305624872D650090508C /* DemoAffineTransformVC.swift in Sources */,
				DA61305424872CD90090508C /* DemoFilterVC.swift in Sources */,
				DA61304424872A320090508C /* DemoCustomDrawingVC.swift in Sources */,
				DA72E4EC24D1C2E900575B69 /* DemoMixTransformVC.swift in Sources */,
				DA6ACA7F24A6F6A000A1B073 /* DemoZPositionVC.swift in Sources */,
				DA6C654124ABB1660017BA4B /* DemoHitTestingAndZPositionVC.swift in Sources */,
				DAF9929924B6C5560010569A /* DemoLayoutSublayersOfLayerVC.swift in Sources */,
				DA85875724BD591100FEAC7B /* DemoNavigationController.swift in Sources */,
				DA61304824872ABA0090508C /* DemoCoordinateVC.swift in Sources */,
				DA613040248729DE0090508C /* DemoLayerVC.swift in Sources */,
				DA61305224872C4A0090508C /* DemoMaskVC.swift in Sources */,
				DA61303D248725CD0090508C /* DLCell.swift in Sources */,
				DA19D86B249794AF006769F4 /* DemoContentsRectVC.swift in Sources */,
				DA61304A24872AE40090508C /* DemoHitTestingVC.swift in Sources */,
				DA72E4D624D17CC200575B69 /* DemoSimpleRotationVC.swift in Sources */,
				DA61305824872D900090508C /* DemoTransform3DVC.swift in Sources */,
				DA613029248723DB0090508C /* ViewController.swift in Sources */,
				DA0630BC24D2C59300BA594C /* DemoShearTransformVC.swift in Sources */,
				DA61304624872A6A0090508C /* DemoAnchorVC.swift in Sources */,
				DA613025248723DB0090508C /* AppDelegate.swift in Sources */,
				DA19D86F2497A0E3006769F4 /* DemoContentsCenterVC.swift in Sources */,
				DA61304C24872B4B0090508C /* DemoCornerRadiusVC.swift in Sources */,
				DA613027248723DB0090508C /* SceneDelegate.swift in Sources */,
				DA61305024872BD20090508C /* DemoShadowVC.swift in Sources */,
				DA19D86D249797F8006769F4 /* ExtensionUtils.swift in Sources */,
			);
			runOnlyForDeploymentPostprocessing = 0;
		};
/* End PBXSourcesBuildPhase section */

/* Begin PBXVariantGroup section */
		DA61302F248723DD0090508C /* LaunchScreen.storyboard */ = {
			isa = PBXVariantGroup;
			children = (
				DA613030248723DD0090508C /* Base */,
			);
			name = LaunchScreen.storyboard;
			sourceTree = "<group>";
		};
/* End PBXVariantGroup section */

/* Begin XCBuildConfiguration section */
		DA613033248723DD0090508C /* Debug */ = {
			isa = XCBuildConfiguration;
			buildSettings = {
				ALWAYS_SEARCH_USER_PATHS = NO;
				CLANG_ANALYZER_NONNULL = YES;
				CLANG_ANALYZER_NUMBER_OBJECT_CONVERSION = YES_AGGRESSIVE;
				CLANG_CXX_LANGUAGE_STANDARD = "gnu++14";
				CLANG_CXX_LIBRARY = "libc++";
				CLANG_ENABLE_MODULES = YES;
				CLANG_ENABLE_OBJC_ARC = YES;
				CLANG_ENABLE_OBJC_WEAK = YES;
				CLANG_WARN_BLOCK_CAPTURE_AUTORELEASING = YES;
				CLANG_WARN_BOOL_CONVERSION = YES;
				CLANG_WARN_COMMA = YES;
				CLANG_WARN_CONSTANT_CONVERSION = YES;
				CLANG_WARN_DEPRECATED_OBJC_IMPLEMENTATIONS = YES;
				CLANG_WARN_DIRECT_OBJC_ISA_USAGE = YES_ERROR;
				CLANG_WARN_DOCUMENTATION_COMMENTS = YES;
				CLANG_WARN_EMPTY_BODY = YES;
				CLANG_WARN_ENUM_CONVERSION = YES;
				CLANG_WARN_INFINITE_RECURSION = YES;
				CLANG_WARN_INT_CONVERSION = YES;
				CLANG_WARN_NON_LITERAL_NULL_CONVERSION = YES;
				CLANG_WARN_OBJC_IMPLICIT_RETAIN_SELF = YES;
				CLANG_WARN_OBJC_LITERAL_CONVERSION = YES;
				CLANG_WARN_OBJC_ROOT_CLASS = YES_ERROR;
				CLANG_WARN_RANGE_LOOP_ANALYSIS = YES;
				CLANG_WARN_STRICT_PROTOTYPES = YES;
				CLANG_WARN_SUSPICIOUS_MOVE = YES;
				CLANG_WARN_UNGUARDED_AVAILABILITY = YES_AGGRESSIVE;
				CLANG_WARN_UNREACHABLE_CODE = YES;
				CLANG_WARN__DUPLICATE_METHOD_MATCH = YES;
				COPY_PHASE_STRIP = NO;
				DEBUG_INFORMATION_FORMAT = dwarf;
				ENABLE_STRICT_OBJC_MSGSEND = YES;
				ENABLE_TESTABILITY = YES;
				GCC_C_LANGUAGE_STANDARD = gnu11;
				GCC_DYNAMIC_NO_PIC = NO;
				GCC_NO_COMMON_BLOCKS = YES;
				GCC_OPTIMIZATION_LEVEL = 0;
				GCC_PREPROCESSOR_DEFINITIONS = (
					"DEBUG=1",
					"$(inherited)",
				);
				GCC_WARN_64_TO_32_BIT_CONVERSION = YES;
				GCC_WARN_ABOUT_RETURN_TYPE = YES_ERROR;
				GCC_WARN_UNDECLARED_SELECTOR = YES;
				GCC_WARN_UNINITIALIZED_AUTOS = YES_AGGRESSIVE;
				GCC_WARN_UNUSED_FUNCTION = YES;
				GCC_WARN_UNUSED_VARIABLE = YES;
				IPHONEOS_DEPLOYMENT_TARGET = 13.5;
				MTL_ENABLE_DEBUG_INFO = INCLUDE_SOURCE;
				MTL_FAST_MATH = YES;
				ONLY_ACTIVE_ARCH = YES;
				SDKROOT = iphoneos;
				SWIFT_ACTIVE_COMPILATION_CONDITIONS = DEBUG;
				SWIFT_OPTIMIZATION_LEVEL = "-Onone";
			};
			name = Debug;
		};
		DA613034248723DD0090508C /* Release */ = {
			isa = XCBuildConfiguration;
			buildSettings = {
				ALWAYS_SEARCH_USER_PATHS = NO;
				CLANG_ANALYZER_NONNULL = YES;
				CLANG_ANALYZER_NUMBER_OBJECT_CONVERSION = YES_AGGRESSIVE;
				CLANG_CXX_LANGUAGE_STANDARD = "gnu++14";
				CLANG_CXX_LIBRARY = "libc++";
				CLANG_ENABLE_MODULES = YES;
				CLANG_ENABLE_OBJC_ARC = YES;
				CLANG_ENABLE_OBJC_WEAK = YES;
				CLANG_WARN_BLOCK_CAPTURE_AUTORELEASING = YES;
				CLANG_WARN_BOOL_CONVERSION = YES;
				CLANG_WARN_COMMA = YES;
				CLANG_WARN_CONSTANT_CONVERSION = YES;
				CLANG_WARN_DEPRECATED_OBJC_IMPLEMENTATIONS = YES;
				CLANG_WARN_DIRECT_OBJC_ISA_USAGE = YES_ERROR;
				CLANG_WARN_DOCUMENTATION_COMMENTS = YES;
				CLANG_WARN_EMPTY_BODY = YES;
				CLANG_WARN_ENUM_CONVERSION = YES;
				CLANG_WARN_INFINITE_RECURSION = YES;
				CLANG_WARN_INT_CONVERSION = YES;
				CLANG_WARN_NON_LITERAL_NULL_CONVERSION = YES;
				CLANG_WARN_OBJC_IMPLICIT_RETAIN_SELF = YES;
				CLANG_WARN_OBJC_LITERAL_CONVERSION = YES;
				CLANG_WARN_OBJC_ROOT_CLASS = YES_ERROR;
				CLANG_WARN_RANGE_LOOP_ANALYSIS = YES;
				CLANG_WARN_STRICT_PROTOTYPES = YES;
				CLANG_WARN_SUSPICIOUS_MOVE = YES;
				CLANG_WARN_UNGUARDED_AVAILABILITY = YES_AGGRESSIVE;
				CLANG_WARN_UNREACHABLE_CODE = YES;
				CLANG_WARN__DUPLICATE_METHOD_MATCH = YES;
				COPY_PHASE_STRIP = NO;
				DEBUG_INFORMATION_FORMAT = "dwarf-with-dsym";
				ENABLE_NS_ASSERTIONS = NO;
				ENABLE_STRICT_OBJC_MSGSEND = YES;
				GCC_C_LANGUAGE_STANDARD = gnu11;
				GCC_NO_COMMON_BLOCKS = YES;
				GCC_WARN_64_TO_32_BIT_CONVERSION = YES;
				GCC_WARN_ABOUT_RETURN_TYPE = YES_ERROR;
				GCC_WARN_UNDECLARED_SELECTOR = YES;
				GCC_WARN_UNINITIALIZED_AUTOS = YES_AGGRESSIVE;
				GCC_WARN_UNUSED_FUNCTION = YES;
				GCC_WARN_UNUSED_VARIABLE = YES;
				IPHONEOS_DEPLOYMENT_TARGET = 13.5;
				MTL_ENABLE_DEBUG_INFO = NO;
				MTL_FAST_MATH = YES;
				SDKROOT = iphoneos;
				SWIFT_COMPILATION_MODE = wholemodule;
				SWIFT_OPTIMIZATION_LEVEL = "-O";
				VALIDATE_PRODUCT = YES;
			};
			name = Release;
		};
		DA613036248723DD0090508C /* Debug */ = {
			isa = XCBuildConfiguration;
			buildSettings = {
				ASSETCATALOG_COMPILER_APPICON_NAME = AppIcon;
				CLANG_ENABLE_MODULES = YES;
				CODE_SIGN_IDENTITY = "Apple Development";
				CODE_SIGN_STYLE = Automatic;
				DEVELOPMENT_TEAM = Y2KKR9F9FN;
				INFOPLIST_FILE = demo/Info.plist;
				IPHONEOS_DEPLOYMENT_TARGET = 13.0;
				LD_RUNPATH_SEARCH_PATHS = (
					"$(inherited)",
					"@executable_path/Frameworks",
				);
				MACOSX_DEPLOYMENT_TARGET = 13.0;
				PRODUCT_BUNDLE_IDENTIFIER = daliu.demo;
				PRODUCT_NAME = "$(TARGET_NAME)";
				PROVISIONING_PROFILE_SPECIFIER = "";
				SWIFT_OPTIMIZATION_LEVEL = "-Onone";
				SWIFT_VERSION = 5.0;
				TARGETED_DEVICE_FAMILY = 1;
			};
			name = Debug;
		};
		DA613037248723DD0090508C /* Release */ = {
			isa = XCBuildConfiguration;
			buildSettings = {
				ASSETCATALOG_COMPILER_APPICON_NAME = AppIcon;
				CLANG_ENABLE_MODULES = YES;
				CODE_SIGN_IDENTITY = "Apple Development";
				CODE_SIGN_STYLE = Automatic;
				DEVELOPMENT_TEAM = Y2KKR9F9FN;
				INFOPLIST_FILE = demo/Info.plist;
				IPHONEOS_DEPLOYMENT_TARGET = 13.0;
				LD_RUNPATH_SEARCH_PATHS = (
					"$(inherited)",
					"@executable_path/Frameworks",
				);
				MACOSX_DEPLOYMENT_TARGET = 13.0;
				PRODUCT_BUNDLE_IDENTIFIER = daliu.demo;
				PRODUCT_NAME = "$(TARGET_NAME)";
				PROVISIONING_PROFILE_SPECIFIER = "";
				SWIFT_VERSION = 5.0;
				TARGETED_DEVICE_FAMILY = 1;
			};
			name = Release;
		};
/* End XCBuildConfiguration section */

/* Begin XCConfigurationList section */
		DA61301C248723DB0090508C /* Build configuration list for PBXProject "demo" */ = {
			isa = XCConfigurationList;
			buildConfigurations = (
				DA613033248723DD0090508C /* Debug */,
				DA613034248723DD0090508C /* Release */,
			);
			defaultConfigurationIsVisible = 0;
			defaultConfigurationName = Release;
		};
		DA613035248723DD0090508C /* Build configuration list for PBXNativeTarget "demo" */ = {
			isa = XCConfigurationList;
			buildConfigurations = (
				DA613036248723DD0090508C /* Debug */,
				DA613037248723DD0090508C /* Release */,
			);
			defaultConfigurationIsVisible = 0;
			defaultConfigurationName = Release;
		};
/* End XCConfigurationList section */
	};
	rootObject = DA613019248723DB0090508C /* Project object */;
}
