// !$*UTF8*$!
{
	archiveVersion = 1;
	classes = {
	};
	objectVersion = 50;
	objects = {

/* Begin PBXBuildFile section */
		DAA717E1246E729800F7D99D /* AppDelegate.m in Sources */ = {isa = PBXBuildFile; fileRef = DAA717E0246E729800F7D99D /* AppDelegate.m */; };
		DAA717E4246E729800F7D99D /* SceneDelegate.m in Sources */ = {isa = PBXBuildFile; fileRef = DAA717E3246E729800F7D99D /* SceneDelegate.m */; };
		DAA717E7246E729800F7D99D /* ViewController.m in Sources */ = {isa = PBXBuildFile; fileRef = DAA717E6246E729800F7D99D /* ViewController.m */; };
		DAA717EA246E729800F7D99D /* Main.storyboard in Resources */ = {isa = PBXBuildFile; fileRef = DAA717E8246E729800F7D99D /* Main.storyboard */; };
		DAA717EC246E729B00F7D99D /* Assets.xcassets in Resources */ = {isa = PBXBuildFile; fileRef = DAA717EB246E729B00F7D99D /* Assets.xcassets */; };
		DAA717EF246E729C00F7D99D /* LaunchScreen.storyboard in Resources */ = {isa = PBXBuildFile; fileRef = DAA717ED246E729C00F7D99D /* LaunchScreen.storyboard */; };
		DAA717F2246E729C00F7D99D /* main.m in Sources */ = {isa = PBXBuildFile; fileRef = DAA717F1246E729C00F7D99D /* main.m */; };
		DAA717FA246E744D00F7D99D /* DLView.m in Sources */ = {isa = PBXBuildFile; fileRef = DAA717F9246E744D00F7D99D /* DLView.m */; };
/* End PBXBuildFile section */

/* Begin PBXFileReference section */
		DAA717DC246E729800F7D99D /* UIStackView.app */ = {isa = PBXFileReference; explicitFileType = wrapper.application; includeInIndex = 0; path = UIStackView.app; sourceTree = BUILT_PRODUCTS_DIR; };
		DAA717DF246E729800F7D99D /* AppDelegate.h */ = {isa = PBXFileReference; lastKnownFileType = sourcecode.c.h; path = AppDelegate.h; sourceTree = "<group>"; };
		DAA717E0246E729800F7D99D /* AppDelegate.m */ = {isa = PBXFileReference; lastKnownFileType = sourcecode.c.objc; path = AppDelegate.m; sourceTree = "<group>"; };
		DAA717E2246E729800F7D99D /* SceneDelegate.h */ = {isa = PBXFileReference; lastKnownFileType = sourcecode.c.h; path = SceneDelegate.h; sourceTree = "<group>"; };
		DAA717E3246E729800F7D99D /* SceneDelegate.m */ = {isa = PBXFileReference; lastKnownFileType = sourcecode.c.objc; path = SceneDelegate.m; sourceTree = "<group>"; };
		DAA717E5246E729800F7D99D /* ViewController.h */ = {isa = PBXFileReference; lastKnownFileType = sourcecode.c.h; path = ViewController.h; sourceTree = "<group>"; };
		DAA717E6246E729800F7D99D /* ViewController.m */ = {isa = PBXFileReference; lastKnownFileType = sourcecode.c.objc; path = ViewController.m; sourceTree = "<group>"; };
		DAA717E9246E729800F7D99D /* Base */ = {isa = PBXFileReference; lastKnownFileType = file.storyboard; name = Base; path = Base.lproj/Main.storyboard; sourceTree = "<group>"; };
		DAA717EB246E729B00F7D99D /* Assets.xcassets */ = {isa = PBXFileReference; lastKnownFileType = folder.assetcatalog; path = Assets.xcassets; sourceTree = "<group>"; };
		DAA717EE246E729C00F7D99D /* Base */ = {isa = PBXFileReference; lastKnownFileType = file.storyboard; name = Base; path = Base.lproj/LaunchScreen.storyboard; sourceTree = "<group>"; };
		DAA717F0246E729C00F7D99D /* Info.plist */ = {isa = PBXFileReference; lastKnownFileType = text.plist.xml; path = Info.plist; sourceTree = "<group>"; };
		DAA717F1246E729C00F7D99D /* main.m */ = {isa = PBXFileReference; lastKnownFileType = sourcecode.c.objc; path = main.m; sourceTree = "<group>"; };
		DAA717F8246E744D00F7D99D /* DLView.h */ = {isa = PBXFileReference; lastKnownFileType = sourcecode.c.h; path = DLView.h; sourceTree = "<group>"; };
		DAA717F9246E744D00F7D99D /* DLView.m */ = {isa = PBXFileReference; lastKnownFileType = sourcecode.c.objc; path = DLView.m; sourceTree = "<group>"; };
/* End PBXFileReference section */

/* Begin PBXFrameworksBuildPhase section */
		DAA717D9246E729800F7D99D /* Frameworks */ = {
			isa = PBXFrameworksBuildPhase;
			buildActionMask = 2147483647;
			files = (
			);
			runOnlyForDeploymentPostprocessing = 0;
		};
/* End PBXFrameworksBuildPhase section */

/* Begin PBXGroup section */
		DAA717D3246E729800F7D99D = {
			isa = PBXGroup;
			children = (
				DAA717DE246E729800F7D99D /* UIStackView */,
				DAA717DD246E729800F7D99D /* Products */,
			);
			sourceTree = "<group>";
		};
		DAA717DD246E729800F7D99D /* Products */ = {
			isa = PBXGroup;
			children = (
				DAA717DC246E729800F7D99D /* UIStackView.app */,
			);
			name = Products;
			sourceTree = "<group>";
		};
		DAA717DE246E729800F7D99D /* UIStackView */ = {
			isa = PBXGroup;
			children = (
				DAA717DF246E729800F7D99D /* AppDelegate.h */,
				DAA717E0246E729800F7D99D /* AppDelegate.m */,
				DAA717E2246E729800F7D99D /* SceneDelegate.h */,
				DAA717E3246E729800F7D99D /* SceneDelegate.m */,
				DAA717E5246E729800F7D99D /* ViewController.h */,
				DAA717E6246E729800F7D99D /* ViewController.m */,
				DAA717E8246E729800F7D99D /* Main.storyboard */,
				DAA717F8246E744D00F7D99D /* DLView.h */,
				DAA717F9246E744D00F7D99D /* DLView.m */,
				DAA717EB246E729B00F7D99D /* Assets.xcassets */,
				DAA717ED246E729C00F7D99D /* LaunchScreen.storyboard */,
				DAA717F0246E729C00F7D99D /* Info.plist */,
				DAA717F1246E729C00F7D99D /* main.m */,
			);
			path = UIStackView;
			sourceTree = "<group>";
		};
/* End PBXGroup section */

/* Begin PBXNativeTarget section */
		DAA717DB246E729800F7D99D /* UIStackView */ = {
			isa = PBXNativeTarget;
			buildConfigurationList = DAA717F5246E729C00F7D99D /* Build configuration list for PBXNativeTarget "UIStackView" */;
			buildPhases = (
				DAA717D8246E729800F7D99D /* Sources */,
				DAA717D9246E729800F7D99D /* Frameworks */,
				DAA717DA246E729800F7D99D /* Resources */,
			);
			buildRules = (
			);
			dependencies = (
			);
			name = UIStackView;
			productName = UIStackView;
			productReference = DAA717DC246E729800F7D99D /* UIStackView.app */;
			productType = "com.apple.product-type.application";
		};
/* End PBXNativeTarget section */

/* Begin PBXProject section */
		DAA717D4246E729800F7D99D /* Project object */ = {
			isa = PBXProject;
			attributes = {
				LastUpgradeCheck = 1140;
				ORGANIZATIONNAME = "刘威振";
				TargetAttributes = {
					DAA717DB246E729800F7D99D = {
						CreatedOnToolsVersion = 11.4.1;
					};
				};
			};
			buildConfigurationList = DAA717D7246E729800F7D99D /* Build configuration list for PBXProject "UIStackView" */;
			compatibilityVersion = "Xcode 9.3";
			developmentRegion = en;
			hasScannedForEncodings = 0;
			knownRegions = (
				en,
				Base,
			);
			mainGroup = DAA717D3246E729800F7D99D;
			productRefGroup = DAA717DD246E729800F7D99D /* Products */;
			projectDirPath = "";
			projectRoot = "";
			targets = (
				DAA717DB246E729800F7D99D /* UIStackView */,
			);
		};
/* End PBXProject section */

/* Begin PBXResourcesBuildPhase section */
		DAA717DA246E729800F7D99D /* Resources */ = {
			isa = PBXResourcesBuildPhase;
			buildActionMask = 2147483647;
			files = (
				DAA717EF246E729C00F7D99D /* LaunchScreen.storyboard in Resources */,
				DAA717EC246E729B00F7D99D /* Assets.xcassets in Resources */,
				DAA717EA246E729800F7D99D /* Main.storyboard in Resources */,
			);
			runOnlyForDeploymentPostprocessing = 0;
		};
/* End PBXResourcesBuildPhase section */

/* Begin PBXSourcesBuildPhase section */
		DAA717D8246E729800F7D99D /* Sources */ = {
			isa = PBXSourcesBuildPhase;
			buildActionMask = 2147483647;
			files = (
				DAA717E7246E729800F7D99D /* ViewController.m in Sources */,
				DAA717E1246E729800F7D99D /* AppDelegate.m in Sources */,
				DAA717F2246E729C00F7D99D /* main.m in Sources */,
				DAA717E4246E729800F7D99D /* SceneDelegate.m in Sources */,
				DAA717FA246E744D00F7D99D /* DLView.m in Sources */,
			);
			runOnlyForDeploymentPostprocessing = 0;
		};
/* End PBXSourcesBuildPhase section */

/* Begin PBXVariantGroup section */
		DAA717E8246E729800F7D99D /* Main.storyboard */ = {
			isa = PBXVariantGroup;
			children = (
				DAA717E9246E729800F7D99D /* Base */,
			);
			name = Main.storyboard;
			sourceTree = "<group>";
		};
		DAA717ED246E729C00F7D99D /* LaunchScreen.storyboard */ = {
			isa = PBXVariantGroup;
			children = (
				DAA717EE246E729C00F7D99D /* Base */,
			);
			name = LaunchScreen.storyboard;
			sourceTree = "<group>";
		};
/* End PBXVariantGroup section */

/* Begin XCBuildConfiguration section */
		DAA717F3246E729C00F7D99D /* Debug */ = {
			isa = XCBuildConfiguration;
			buildSettings = {
				ALWAYS_SEARCH_USER_PATHS = NO;
				CLANG_ANALYZER_NONNULL = YES;
				CLANG_ANALYZER_NUMBER_OBJECT_CONVERSION = YES_AGGRESSIVE;
				CLANG_CXX_LANGUAGE_STANDARD = "gnu++14";
				CLANG_CXX_LIBRARY = "libc++";
				CLANG_ENABLE_MODULES = YES;
				CLANG_ENABLE_OBJC_ARC = YES;
				CLANG_ENABLE_OBJC_WEAK = YES;
				CLANG_WARN_BLOCK_CAPTURE_AUTORELEASING = YES;
				CLANG_WARN_BOOL_CONVERSION = YES;
				CLANG_WARN_COMMA = YES;
				CLANG_WARN_CONSTANT_CONVERSION = YES;
				CLANG_WARN_DEPRECATED_OBJC_IMPLEMENTATIONS = YES;
				CLANG_WARN_DIRECT_OBJC_ISA_USAGE = YES_ERROR;
				CLANG_WARN_DOCUMENTATION_COMMENTS = YES;
				CLANG_WARN_EMPTY_BODY = YES;
				CLANG_WARN_ENUM_CONVERSION = YES;
				CLANG_WARN_INFINITE_RECURSION = YES;
				CLANG_WARN_INT_CONVERSION = YES;
				CLANG_WARN_NON_LITERAL_NULL_CONVERSION = YES;
				CLANG_WARN_OBJC_IMPLICIT_RETAIN_SELF = YES;
				CLANG_WARN_OBJC_LITERAL_CONVERSION = YES;
				CLANG_WARN_OBJC_ROOT_CLASS = YES_ERROR;
				CLANG_WARN_RANGE_LOOP_ANALYSIS = YES;
				CLANG_WARN_STRICT_PROTOTYPES = YES;
				CLANG_WARN_SUSPICIOUS_MOVE = YES;
				CLANG_WARN_UNGUARDED_AVAILABILITY = YES_AGGRESSIVE;
				CLANG_WARN_UNREACHABLE_CODE = YES;
				CLANG_WARN__DUPLICATE_METHOD_MATCH = YES;
				COPY_PHASE_STRIP = NO;
				DEBUG_INFORMATION_FORMAT = dwarf;
				ENABLE_STRICT_OBJC_MSGSEND = YES;
				ENABLE_TESTABILITY = YES;
				GCC_C_LANGUAGE_STANDARD = gnu11;
				GCC_DYNAMIC_NO_PIC = NO;
				GCC_NO_COMMON_BLOCKS = YES;
				GCC_OPTIMIZATION_LEVEL = 0;
				GCC_PREPROCESSOR_DEFINITIONS = (
					"DEBUG=1",
					"$(inherited)",
				);
				GCC_WARN_64_TO_32_BIT_CONVERSION = YES;
				GCC_WARN_ABOUT_RETURN_TYPE = YES_ERROR;
				GCC_WARN_UNDECLARED_SELECTOR = YES;
				GCC_WARN_UNINITIALIZED_AUTOS = YES_AGGRESSIVE;
				GCC_WARN_UNUSED_FUNCTION = YES;
				GCC_WARN_UNUSED_VARIABLE = YES;
				IPHONEOS_DEPLOYMENT_TARGET = 13.4;
				MTL_ENABLE_DEBUG_INFO = INCLUDE_SOURCE;
				MTL_FAST_MATH = YES;
				ONLY_ACTIVE_ARCH = YES;
				SDKROOT = iphoneos;
			};
			name = Debug;
		};
		DAA717F4246E729C00F7D99D /* Release */ = {
			isa = XCBuildConfiguration;
			buildSettings = {
				ALWAYS_SEARCH_USER_PATHS = NO;
				CLANG_ANALYZER_NONNULL = YES;
				CLANG_ANALYZER_NUMBER_OBJECT_CONVERSION = YES_AGGRESSIVE;
				CLANG_CXX_LANGUAGE_STANDARD = "gnu++14";
				CLANG_CXX_LIBRARY = "libc++";
				CLANG_ENABLE_MODULES = YES;
				CLANG_ENABLE_OBJC_ARC = YES;
				CLANG_ENABLE_OBJC_WEAK = YES;
				CLANG_WARN_BLOCK_CAPTURE_AUTORELEASING = YES;
				CLANG_WARN_BOOL_CONVERSION = YES;
				CLANG_WARN_COMMA = YES;
				CLANG_WARN_CONSTANT_CONVERSION = YES;
				CLANG_WARN_DEPRECATED_OBJC_IMPLEMENTATIONS = YES;
				CLANG_WARN_DIRECT_OBJC_ISA_USAGE = YES_ERROR;
				CLANG_WARN_DOCUMENTATION_COMMENTS = YES;
				CLANG_WARN_EMPTY_BODY = YES;
				CLANG_WARN_ENUM_CONVERSION = YES;
				CLANG_WARN_INFINITE_RECURSION = YES;
				CLANG_WARN_INT_CONVERSION = YES;
				CLANG_WARN_NON_LITERAL_NULL_CONVERSION = YES;
				CLANG_WARN_OBJC_IMPLICIT_RETAIN_SELF = YES;
				CLANG_WARN_OBJC_LITERAL_CONVERSION = YES;
				CLANG_WARN_OBJC_ROOT_CLASS = YES_ERROR;
				CLANG_WARN_RANGE_LOOP_ANALYSIS = YES;
				CLANG_WARN_STRICT_PROTOTYPES = YES;
				CLANG_WARN_SUSPICIOUS_MOVE = YES;
				CLANG_WARN_UNGUARDED_AVAILABILITY = YES_AGGRESSIVE;
				CLANG_WARN_UNREACHABLE_CODE = YES;
				CLANG_WARN__DUPLICATE_METHOD_MATCH = YES;
				COPY_PHASE_STRIP = NO;
				DEBUG_INFORMATION_FORMAT = "dwarf-with-dsym";
				ENABLE_NS_ASSERTIONS = NO;
				ENABLE_STRICT_OBJC_MSGSEND = YES;
				GCC_C_LANGUAGE_STANDARD = gnu11;
				GCC_NO_COMMON_BLOCKS = YES;
				GCC_WARN_64_TO_32_BIT_CONVERSION = YES;
				GCC_WARN_ABOUT_RETURN_TYPE = YES_ERROR;
				GCC_WARN_UNDECLARED_SELECTOR = YES;
				GCC_WARN_UNINITIALIZED_AUTOS = YES_AGGRESSIVE;
				GCC_WARN_UNUSED_FUNCTION = YES;
				GCC_WARN_UNUSED_VARIABLE = YES;
				IPHONEOS_DEPLOYMENT_TARGET = 13.4;
				MTL_ENABLE_DEBUG_INFO = NO;
				MTL_FAST_MATH = YES;
				SDKROOT = iphoneos;
				VALIDATE_PRODUCT = YES;
			};
			name = Release;
		};
		DAA717F6246E729C00F7D99D /* Debug */ = {
			isa = XCBuildConfiguration;
			buildSettings = {
				ASSETCATALOG_COMPILER_APPICON_NAME = AppIcon;
				CODE_SIGN_STYLE = Automatic;
				INFOPLIST_FILE = UIStackView/Info.plist;
				LD_RUNPATH_SEARCH_PATHS = (
					"$(inherited)",
					"@executable_path/Frameworks",
				);
				PRODUCT_BUNDLE_IDENTIFIER = daliu.UIStackView;
				PRODUCT_NAME = "$(TARGET_NAME)";
				TARGETED_DEVICE_FAMILY = "1,2";
			};
			name = Debug;
		};
		DAA717F7246E729C00F7D99D /* Release */ = {
			isa = XCBuildConfiguration;
			buildSettings = {
				ASSETCATALOG_COMPILER_APPICON_NAME = AppIcon;
				CODE_SIGN_STYLE = Automatic;
				INFOPLIST_FILE = UIStackView/Info.plist;
				LD_RUNPATH_SEARCH_PATHS = (
					"$(inherited)",
					"@executable_path/Frameworks",
				);
				PRODUCT_BUNDLE_IDENTIFIER = daliu.UIStackView;
				PRODUCT_NAME = "$(TARGET_NAME)";
				TARGETED_DEVICE_FAMILY = "1,2";
			};
			name = Release;
		};
/* End XCBuildConfiguration section */

/* Begin XCConfigurationList section */
		DAA717D7246E729800F7D99D /* Build configuration list for PBXProject "UIStackView" */ = {
			isa = XCConfigurationList;
			buildConfigurations = (
				DAA717F3246E729C00F7D99D /* Debug */,
				DAA717F4246E729C00F7D99D /* Release */,
			);
			defaultConfigurationIsVisible = 0;
			defaultConfigurationName = Release;
		};
		DAA717F5246E729C00F7D99D /* Build configuration list for PBXNativeTarget "UIStackView" */ = {
			isa = XCConfigurationList;
			buildConfigurations = (
				DAA717F6246E729C00F7D99D /* Debug */,
				DAA717F7246E729C00F7D99D /* Release */,
			);
			defaultConfigurationIsVisible = 0;
			defaultConfigurationName = Release;
		};
/* End XCConfigurationList section */
	};
	rootObject = DAA717D4246E729800F7D99D /* Project object */;
}
