// !$*UTF8*$!
{
	archiveVersion = 1;
	classes = {
	};
	objectVersion = 46;
	objects = {

/* Begin PBXBuildFile section */
		DA342ADE1F725DFC007B18EC /* main.m in Sources */ = {isa = PBXBuildFile; fileRef = DA342ADD1F725DFC007B18EC /* main.m */; };
		DA342AE11F725DFC007B18EC /* AppDelegate.m in Sources */ = {isa = PBXBuildFile; fileRef = DA342AE01F725DFC007B18EC /* AppDelegate.m */; };
		DA342AE41F725DFC007B18EC /* ViewController.m in Sources */ = {isa = PBXBuildFile; fileRef = DA342AE31F725DFC007B18EC /* ViewController.m */; };
		DA342AE71F725DFC007B18EC /* Main.storyboard in Resources */ = {isa = PBXBuildFile; fileRef = DA342AE51F725DFC007B18EC /* Main.storyboard */; };
		DA342AE91F725DFC007B18EC /* Assets.xcassets in Resources */ = {isa = PBXBuildFile; fileRef = DA342AE81F725DFC007B18EC /* Assets.xcassets */; };
		DA342AEC1F725DFC007B18EC /* LaunchScreen.storyboard in Resources */ = {isa = PBXBuildFile; fileRef = DA342AEA1F725DFC007B18EC /* LaunchScreen.storyboard */; };
		DA342AF51F725EC0007B18EC /* OneViewController.m in Sources */ = {isa = PBXBuildFile; fileRef = DA342AF41F725EC0007B18EC /* OneViewController.m */; };
		DA342AF81F725EC7007B18EC /* TwoViewController.m in Sources */ = {isa = PBXBuildFile; fileRef = DA342AF71F725EC7007B18EC /* TwoViewController.m */; };
		DA342AFB1F725ECD007B18EC /* ThreeViewController.m in Sources */ = {isa = PBXBuildFile; fileRef = DA342AFA1F725ECD007B18EC /* ThreeViewController.m */; };
		DA342AFE1F725F35007B18EC /* FourViewController.m in Sources */ = {isa = PBXBuildFile; fileRef = DA342AFD1F725F35007B18EC /* FourViewController.m */; };
		DA342B011F725F4F007B18EC /* FiveViewController.m in Sources */ = {isa = PBXBuildFile; fileRef = DA342B001F725F4F007B18EC /* FiveViewController.m */; };
/* End PBXBuildFile section */

/* Begin PBXFileReference section */
		DA342AD91F725DFC007B18EC /* UIPageViewControllerDemo.app */ = {isa = PBXFileReference; explicitFileType = wrapper.application; includeInIndex = 0; path = UIPageViewControllerDemo.app; sourceTree = BUILT_PRODUCTS_DIR; };
		DA342ADD1F725DFC007B18EC /* main.m */ = {isa = PBXFileReference; lastKnownFileType = sourcecode.c.objc; path = main.m; sourceTree = "<group>"; };
		DA342ADF1F725DFC007B18EC /* AppDelegate.h */ = {isa = PBXFileReference; lastKnownFileType = sourcecode.c.h; path = AppDelegate.h; sourceTree = "<group>"; };
		DA342AE01F725DFC007B18EC /* AppDelegate.m */ = {isa = PBXFileReference; lastKnownFileType = sourcecode.c.objc; path = AppDelegate.m; sourceTree = "<group>"; };
		DA342AE21F725DFC007B18EC /* ViewController.h */ = {isa = PBXFileReference; lastKnownFileType = sourcecode.c.h; path = ViewController.h; sourceTree = "<group>"; };
		DA342AE31F725DFC007B18EC /* ViewController.m */ = {isa = PBXFileReference; lastKnownFileType = sourcecode.c.objc; path = ViewController.m; sourceTree = "<group>"; };
		DA342AE61F725DFC007B18EC /* Base */ = {isa = PBXFileReference; lastKnownFileType = file.storyboard; name = Base; path = Base.lproj/Main.storyboard; sourceTree = "<group>"; };
		DA342AE81F725DFC007B18EC /* Assets.xcassets */ = {isa = PBXFileReference; lastKnownFileType = folder.assetcatalog; path = Assets.xcassets; sourceTree = "<group>"; };
		DA342AEB1F725DFC007B18EC /* Base */ = {isa = PBXFileReference; lastKnownFileType = file.storyboard; name = Base; path = Base.lproj/LaunchScreen.storyboard; sourceTree = "<group>"; };
		DA342AED1F725DFC007B18EC /* Info.plist */ = {isa = PBXFileReference; lastKnownFileType = text.plist.xml; path = Info.plist; sourceTree = "<group>"; };
		DA342AF31F725EC0007B18EC /* OneViewController.h */ = {isa = PBXFileReference; fileEncoding = 4; lastKnownFileType = sourcecode.c.h; path = OneViewController.h; sourceTree = "<group>"; };
		DA342AF41F725EC0007B18EC /* OneViewController.m */ = {isa = PBXFileReference; fileEncoding = 4; lastKnownFileType = sourcecode.c.objc; path = OneViewController.m; sourceTree = "<group>"; };
		DA342AF61F725EC7007B18EC /* TwoViewController.h */ = {isa = PBXFileReference; fileEncoding = 4; lastKnownFileType = sourcecode.c.h; path = TwoViewController.h; sourceTree = "<group>"; };
		DA342AF71F725EC7007B18EC /* TwoViewController.m */ = {isa = PBXFileReference; fileEncoding = 4; lastKnownFileType = sourcecode.c.objc; path = TwoViewController.m; sourceTree = "<group>"; };
		DA342AF91F725ECD007B18EC /* ThreeViewController.h */ = {isa = PBXFileReference; fileEncoding = 4; lastKnownFileType = sourcecode.c.h; path = ThreeViewController.h; sourceTree = "<group>"; };
		DA342AFA1F725ECD007B18EC /* ThreeViewController.m */ = {isa = PBXFileReference; fileEncoding = 4; lastKnownFileType = sourcecode.c.objc; path = ThreeViewController.m; sourceTree = "<group>"; };
		DA342AFC1F725F35007B18EC /* FourViewController.h */ = {isa = PBXFileReference; fileEncoding = 4; lastKnownFileType = sourcecode.c.h; path = FourViewController.h; sourceTree = "<group>"; };
		DA342AFD1F725F35007B18EC /* FourViewController.m */ = {isa = PBXFileReference; fileEncoding = 4; lastKnownFileType = sourcecode.c.objc; path = FourViewController.m; sourceTree = "<group>"; };
		DA342AFF1F725F4F007B18EC /* FiveViewController.h */ = {isa = PBXFileReference; fileEncoding = 4; lastKnownFileType = sourcecode.c.h; path = FiveViewController.h; sourceTree = "<group>"; };
		DA342B001F725F4F007B18EC /* FiveViewController.m */ = {isa = PBXFileReference; fileEncoding = 4; lastKnownFileType = sourcecode.c.objc; path = FiveViewController.m; sourceTree = "<group>"; };
/* End PBXFileReference section */

/* Begin PBXFrameworksBuildPhase section */
		DA342AD61F725DFC007B18EC /* Frameworks */ = {
			isa = PBXFrameworksBuildPhase;
			buildActionMask = 2147483647;
			files = (
			);
			runOnlyForDeploymentPostprocessing = 0;
		};
/* End PBXFrameworksBuildPhase section */

/* Begin PBXGroup section */
		DA342AD01F725DFC007B18EC = {
			isa = PBXGroup;
			children = (
				DA342ADB1F725DFC007B18EC /* UIPageViewControllerDemo */,
				DA342ADA1F725DFC007B18EC /* Products */,
			);
			sourceTree = "<group>";
		};
		DA342ADA1F725DFC007B18EC /* Products */ = {
			isa = PBXGroup;
			children = (
				DA342AD91F725DFC007B18EC /* UIPageViewControllerDemo.app */,
			);
			name = Products;
			sourceTree = "<group>";
		};
		DA342ADB1F725DFC007B18EC /* UIPageViewControllerDemo */ = {
			isa = PBXGroup;
			children = (
				DA342ADF1F725DFC007B18EC /* AppDelegate.h */,
				DA342AE01F725DFC007B18EC /* AppDelegate.m */,
				DA342AE21F725DFC007B18EC /* ViewController.h */,
				DA342AE31F725DFC007B18EC /* ViewController.m */,
				DA342AE51F725DFC007B18EC /* Main.storyboard */,
				DA342AF31F725EC0007B18EC /* OneViewController.h */,
				DA342AF41F725EC0007B18EC /* OneViewController.m */,
				DA342AF61F725EC7007B18EC /* TwoViewController.h */,
				DA342AF71F725EC7007B18EC /* TwoViewController.m */,
				DA342AF91F725ECD007B18EC /* ThreeViewController.h */,
				DA342AFA1F725ECD007B18EC /* ThreeViewController.m */,
				DA342AFC1F725F35007B18EC /* FourViewController.h */,
				DA342AFD1F725F35007B18EC /* FourViewController.m */,
				DA342AFF1F725F4F007B18EC /* FiveViewController.h */,
				DA342B001F725F4F007B18EC /* FiveViewController.m */,
				DA342AE81F725DFC007B18EC /* Assets.xcassets */,
				DA342AEA1F725DFC007B18EC /* LaunchScreen.storyboard */,
				DA342AED1F725DFC007B18EC /* Info.plist */,
				DA342ADC1F725DFC007B18EC /* Supporting Files */,
			);
			path = UIPageViewControllerDemo;
			sourceTree = "<group>";
		};
		DA342ADC1F725DFC007B18EC /* Supporting Files */ = {
			isa = PBXGroup;
			children = (
				DA342ADD1F725DFC007B18EC /* main.m */,
			);
			name = "Supporting Files";
			sourceTree = "<group>";
		};
/* End PBXGroup section */

/* Begin PBXNativeTarget section */
		DA342AD81F725DFC007B18EC /* UIPageViewControllerDemo */ = {
			isa = PBXNativeTarget;
			buildConfigurationList = DA342AF01F725DFC007B18EC /* Build configuration list for PBXNativeTarget "UIPageViewControllerDemo" */;
			buildPhases = (
				DA342AD51F725DFC007B18EC /* Sources */,
				DA342AD61F725DFC007B18EC /* Frameworks */,
				DA342AD71F725DFC007B18EC /* Resources */,
			);
			buildRules = (
			);
			dependencies = (
			);
			name = UIPageViewControllerDemo;
			productName = UIPageViewControllerDemo;
			productReference = DA342AD91F725DFC007B18EC /* UIPageViewControllerDemo.app */;
			productType = "com.apple.product-type.application";
		};
/* End PBXNativeTarget section */

/* Begin PBXProject section */
		DA342AD11F725DFC007B18EC /* Project object */ = {
			isa = PBXProject;
			attributes = {
				LastUpgradeCheck = 0830;
				ORGANIZATIONNAME = LincomB;
				TargetAttributes = {
					DA342AD81F725DFC007B18EC = {
						CreatedOnToolsVersion = 8.3.3;
						ProvisioningStyle = Automatic;
					};
				};
			};
			buildConfigurationList = DA342AD41F725DFC007B18EC /* Build configuration list for PBXProject "UIPageViewControllerDemo" */;
			compatibilityVersion = "Xcode 3.2";
			developmentRegion = English;
			hasScannedForEncodings = 0;
			knownRegions = (
				English,
				en,
				Base,
			);
			mainGroup = DA342AD01F725DFC007B18EC;
			productRefGroup = DA342ADA1F725DFC007B18EC /* Products */;
			projectDirPath = "";
			projectRoot = "";
			targets = (
				DA342AD81F725DFC007B18EC /* UIPageViewControllerDemo */,
			);
		};
/* End PBXProject section */

/* Begin PBXResourcesBuildPhase section */
		DA342AD71F725DFC007B18EC /* Resources */ = {
			isa = PBXResourcesBuildPhase;
			buildActionMask = 2147483647;
			files = (
				DA342AEC1F725DFC007B18EC /* LaunchScreen.storyboard in Resources */,
				DA342AE91F725DFC007B18EC /* Assets.xcassets in Resources */,
				DA342AE71F725DFC007B18EC /* Main.storyboard in Resources */,
			);
			runOnlyForDeploymentPostprocessing = 0;
		};
/* End PBXResourcesBuildPhase section */

/* Begin PBXSourcesBuildPhase section */
		DA342AD51F725DFC007B18EC /* Sources */ = {
			isa = PBXSourcesBuildPhase;
			buildActionMask = 2147483647;
			files = (
				DA342B011F725F4F007B18EC /* FiveViewController.m in Sources */,
				DA342AFE1F725F35007B18EC /* FourViewController.m in Sources */,
				DA342AE41F725DFC007B18EC /* ViewController.m in Sources */,
				DA342AE11F725DFC007B18EC /* AppDelegate.m in Sources */,
				DA342ADE1F725DFC007B18EC /* main.m in Sources */,
				DA342AFB1F725ECD007B18EC /* ThreeViewController.m in Sources */,
				DA342AF81F725EC7007B18EC /* TwoViewController.m in Sources */,
				DA342AF51F725EC0007B18EC /* OneViewController.m in Sources */,
			);
			runOnlyForDeploymentPostprocessing = 0;
		};
/* End PBXSourcesBuildPhase section */

/* Begin PBXVariantGroup section */
		DA342AE51F725DFC007B18EC /* Main.storyboard */ = {
			isa = PBXVariantGroup;
			children = (
				DA342AE61F725DFC007B18EC /* Base */,
			);
			name = Main.storyboard;
			sourceTree = "<group>";
		};
		DA342AEA1F725DFC007B18EC /* LaunchScreen.storyboard */ = {
			isa = PBXVariantGroup;
			children = (
				DA342AEB1F725DFC007B18EC /* Base */,
			);
			name = LaunchScreen.storyboard;
			sourceTree = "<group>";
		};
/* End PBXVariantGroup section */

/* Begin XCBuildConfiguration section */
		DA342AEE1F725DFC007B18EC /* Debug */ = {
			isa = XCBuildConfiguration;
			buildSettings = {
				ALWAYS_SEARCH_USER_PATHS = NO;
				CLANG_ANALYZER_NONNULL = YES;
				CLANG_ANALYZER_NUMBER_OBJECT_CONVERSION = YES_AGGRESSIVE;
				CLANG_CXX_LANGUAGE_STANDARD = "gnu++0x";
				CLANG_CXX_LIBRARY = "libc++";
				CLANG_ENABLE_MODULES = YES;
				CLANG_ENABLE_OBJC_ARC = YES;
				CLANG_WARN_BOOL_CONVERSION = YES;
				CLANG_WARN_CONSTANT_CONVERSION = YES;
				CLANG_WARN_DIRECT_OBJC_ISA_USAGE = YES_ERROR;
				CLANG_WARN_DOCUMENTATION_COMMENTS = YES;
				CLANG_WARN_EMPTY_BODY = YES;
				CLANG_WARN_ENUM_CONVERSION = YES;
				CLANG_WARN_INFINITE_RECURSION = YES;
				CLANG_WARN_INT_CONVERSION = YES;
				CLANG_WARN_OBJC_ROOT_CLASS = YES_ERROR;
				CLANG_WARN_SUSPICIOUS_MOVE = YES;
				CLANG_WARN_UNREACHABLE_CODE = YES;
				CLANG_WARN__DUPLICATE_METHOD_MATCH = YES;
				"CODE_SIGN_IDENTITY[sdk=iphoneos*]" = "iPhone Developer";
				COPY_PHASE_STRIP = NO;
				DEBUG_INFORMATION_FORMAT = dwarf;
				ENABLE_STRICT_OBJC_MSGSEND = YES;
				ENABLE_TESTABILITY = YES;
				GCC_C_LANGUAGE_STANDARD = gnu99;
				GCC_DYNAMIC_NO_PIC = NO;
				GCC_NO_COMMON_BLOCKS = YES;
				GCC_OPTIMIZATION_LEVEL = 0;
				GCC_PREPROCESSOR_DEFINITIONS = (
					"DEBUG=1",
					"$(inherited)",
				);
				GCC_WARN_64_TO_32_BIT_CONVERSION = YES;
				GCC_WARN_ABOUT_RETURN_TYPE = YES_ERROR;
				GCC_WARN_UNDECLARED_SELECTOR = YES;
				GCC_WARN_UNINITIALIZED_AUTOS = YES_AGGRESSIVE;
				GCC_WARN_UNUSED_FUNCTION = YES;
				GCC_WARN_UNUSED_VARIABLE = YES;
				IPHONEOS_DEPLOYMENT_TARGET = 10.3;
				MTL_ENABLE_DEBUG_INFO = YES;
				ONLY_ACTIVE_ARCH = YES;
				SDKROOT = iphoneos;
				TARGETED_DEVICE_FAMILY = "1,2";
			};
			name = Debug;
		};
		DA342AEF1F725DFC007B18EC /* Release */ = {
			isa = XCBuildConfiguration;
			buildSettings = {
				ALWAYS_SEARCH_USER_PATHS = NO;
				CLANG_ANALYZER_NONNULL = YES;
				CLANG_ANALYZER_NUMBER_OBJECT_CONVERSION = YES_AGGRESSIVE;
				CLANG_CXX_LANGUAGE_STANDARD = "gnu++0x";
				CLANG_CXX_LIBRARY = "libc++";
				CLANG_ENABLE_MODULES = YES;
				CLANG_ENABLE_OBJC_ARC = YES;
				CLANG_WARN_BOOL_CONVERSION = YES;
				CLANG_WARN_CONSTANT_CONVERSION = YES;
				CLANG_WARN_DIRECT_OBJC_ISA_USAGE = YES_ERROR;
				CLANG_WARN_DOCUMENTATION_COMMENTS = YES;
				CLANG_WARN_EMPTY_BODY = YES;
				CLANG_WARN_ENUM_CONVERSION = YES;
				CLANG_WARN_INFINITE_RECURSION = YES;
				CLANG_WARN_INT_CONVERSION = YES;
				CLANG_WARN_OBJC_ROOT_CLASS = YES_ERROR;
				CLANG_WARN_SUSPICIOUS_MOVE = YES;
				CLANG_WARN_UNREACHABLE_CODE = YES;
				CLANG_WARN__DUPLICATE_METHOD_MATCH = YES;
				"CODE_SIGN_IDENTITY[sdk=iphoneos*]" = "iPhone Developer";
				COPY_PHASE_STRIP = NO;
				DEBUG_INFORMATION_FORMAT = "dwarf-with-dsym";
				ENABLE_NS_ASSERTIONS = NO;
				ENABLE_STRICT_OBJC_MSGSEND = YES;
				GCC_C_LANGUAGE_STANDARD = gnu99;
				GCC_NO_COMMON_BLOCKS = YES;
				GCC_WARN_64_TO_32_BIT_CONVERSION = YES;
				GCC_WARN_ABOUT_RETURN_TYPE = YES_ERROR;
				GCC_WARN_UNDECLARED_SELECTOR = YES;
				GCC_WARN_UNINITIALIZED_AUTOS = YES_AGGRESSIVE;
				GCC_WARN_UNUSED_FUNCTION = YES;
				GCC_WARN_UNUSED_VARIABLE = YES;
				IPHONEOS_DEPLOYMENT_TARGET = 10.3;
				MTL_ENABLE_DEBUG_INFO = NO;
				SDKROOT = iphoneos;
				TARGETED_DEVICE_FAMILY = "1,2";
				VALIDATE_PRODUCT = YES;
			};
			name = Release;
		};
		DA342AF11F725DFC007B18EC /* Debug */ = {
			isa = XCBuildConfiguration;
			buildSettings = {
				ASSETCATALOG_COMPILER_APPICON_NAME = AppIcon;
				INFOPLIST_FILE = UIPageViewControllerDemo/Info.plist;
				LD_RUNPATH_SEARCH_PATHS = "$(inherited) @executable_path/Frameworks";
				PRODUCT_BUNDLE_IDENTIFIER = liuweizhen.UIPageViewControllerDemo;
				PRODUCT_NAME = "$(TARGET_NAME)";
			};
			name = Debug;
		};
		DA342AF21F725DFC007B18EC /* Release */ = {
			isa = XCBuildConfiguration;
			buildSettings = {
				ASSETCATALOG_COMPILER_APPICON_NAME = AppIcon;
				INFOPLIST_FILE = UIPageViewControllerDemo/Info.plist;
				LD_RUNPATH_SEARCH_PATHS = "$(inherited) @executable_path/Frameworks";
				PRODUCT_BUNDLE_IDENTIFIER = liuweizhen.UIPageViewControllerDemo;
				PRODUCT_NAME = "$(TARGET_NAME)";
			};
			name = Release;
		};
/* End XCBuildConfiguration section */

/* Begin XCConfigurationList section */
		DA342AD41F725DFC007B18EC /* Build configuration list for PBXProject "UIPageViewControllerDemo" */ = {
			isa = XCConfigurationList;
			buildConfigurations = (
				DA342AEE1F725DFC007B18EC /* Debug */,
				DA342AEF1F725DFC007B18EC /* Release */,
			);
			defaultConfigurationIsVisible = 0;
			defaultConfigurationName = Release;
		};
		DA342AF01F725DFC007B18EC /* Build configuration list for PBXNativeTarget "UIPageViewControllerDemo" */ = {
			isa = XCConfigurationList;
			buildConfigurations = (
				DA342AF11F725DFC007B18EC /* Debug */,
				DA342AF21F725DFC007B18EC /* Release */,
			);
			defaultConfigurationIsVisible = 0;
			defaultConfigurationName = Release;
		};
/* End XCConfigurationList section */
	};
	rootObject = DA342AD11F725DFC007B18EC /* Project object */;
}
